<Project xmlns="http://schemas.microsoft.com/developer/msbuild/2003">
    <PropertyGroup>
        <ProjectGuid>{37904A06-4ABD-411B-8C02-CCC73D6B4098}</ProjectGuid>
        <ProjectVersion>16.0</ProjectVersion>
        <FrameworkType>VCL</FrameworkType>
        <MainSource>cMatchTemplate.dpr</MainSource>
        <Base>True</Base>
        <Config Condition="'$(Config)'==''">Debug</Config>
        <Platform Condition="'$(Platform)'==''">Win32</Platform>
        <TargetedPlatforms>3</TargetedPlatforms>
        <AppType>Application</AppType>
    </PropertyGroup>
    <PropertyGroup Condition="'$(Config)'=='Base' or '$(Base)'!=''">
        <Base>true</Base>
    </PropertyGroup>
    <PropertyGroup Condition="('$(Platform)'=='Win32' and '$(Base)'=='true') or '$(Base_Win32)'!=''">
        <Base_Win32>true</Base_Win32>
        <CfgParent>Base</CfgParent>
        <Base>true</Base>
    </PropertyGroup>
    <PropertyGroup Condition="('$(Platform)'=='Win64' and '$(Base)'=='true') or '$(Base_Win64)'!=''">
        <Base_Win64>true</Base_Win64>
        <CfgParent>Base</CfgParent>
        <Base>true</Base>
    </PropertyGroup>
    <PropertyGroup Condition="'$(Config)'=='Debug' or '$(Cfg_1)'!=''">
        <Cfg_1>true</Cfg_1>
        <CfgParent>Base</CfgParent>
        <Base>true</Base>
    </PropertyGroup>
    <PropertyGroup Condition="('$(Platform)'=='Win32' and '$(Cfg_1)'=='true') or '$(Cfg_1_Win32)'!=''">
        <Cfg_1_Win32>true</Cfg_1_Win32>
        <CfgParent>Cfg_1</CfgParent>
        <Cfg_1>true</Cfg_1>
        <Base>true</Base>
    </PropertyGroup>
    <PropertyGroup Condition="('$(Platform)'=='Win64' and '$(Cfg_1)'=='true') or '$(Cfg_1_Win64)'!=''">
        <Cfg_1_Win64>true</Cfg_1_Win64>
        <CfgParent>Cfg_1</CfgParent>
        <Cfg_1>true</Cfg_1>
        <Base>true</Base>
    </PropertyGroup>
    <PropertyGroup Condition="'$(Config)'=='Release' or '$(Cfg_2)'!=''">
        <Cfg_2>true</Cfg_2>
        <CfgParent>Base</CfgParent>
        <Base>true</Base>
    </PropertyGroup>
    <PropertyGroup Condition="('$(Platform)'=='Win32' and '$(Cfg_2)'=='true') or '$(Cfg_2_Win32)'!=''">
        <Cfg_2_Win32>true</Cfg_2_Win32>
        <CfgParent>Cfg_2</CfgParent>
        <Cfg_2>true</Cfg_2>
        <Base>true</Base>
    </PropertyGroup>
    <PropertyGroup Condition="('$(Platform)'=='Win64' and '$(Cfg_2)'=='true') or '$(Cfg_2_Win64)'!=''">
        <Cfg_2_Win64>true</Cfg_2_Win64>
        <CfgParent>Cfg_2</CfgParent>
        <Cfg_2>true</Cfg_2>
        <Base>true</Base>
    </PropertyGroup>
    <PropertyGroup Condition="'$(Base)'!=''">
        <VerInfo_Locale>1049</VerInfo_Locale>
        <Icon_MainIcon>$(BDS)\bin\delphi_PROJECTICON.ico</Icon_MainIcon>
        <DCC_Namespace>System;Xml;Data;Datasnap;Web;Soap;Vcl;Vcl.Imaging;Vcl.Touch;Vcl.Samples;Vcl.Shell;$(DCC_Namespace)</DCC_Namespace>
        <Manifest_File>$(BDS)\bin\default_app.manifest</Manifest_File>
        <VerInfo_Keys>CompanyName=;FileDescription=;FileVersion=1.0.0.0;InternalName=;LegalCopyright=;LegalTrademarks=;OriginalFilename=;ProductName=;ProductVersion=1.0.0.0;Comments=</VerInfo_Keys>
        <SanitizedProjectName>cMatchTemplate</SanitizedProjectName>
        <DCC_DcuOutput>.\$(Platform)\$(Config)</DCC_DcuOutput>
        <DCC_ExeOutput>.\$(Platform)\$(Config)</DCC_ExeOutput>
        <DCC_E>false</DCC_E>
        <DCC_N>false</DCC_N>
        <DCC_S>false</DCC_S>
        <DCC_F>false</DCC_F>
        <DCC_K>false</DCC_K>
    </PropertyGroup>
    <PropertyGroup Condition="'$(Base_Win32)'!=''">
        <DCC_ExeOutput>..\..\..\bin</DCC_ExeOutput>
        <DCC_Namespace>Winapi;System.Win;Data.Win;Datasnap.Win;Web.Win;Soap.Win;Xml.Win;Bde;$(DCC_Namespace)</DCC_Namespace>
        <VerInfo_IncludeVerInfo>true</VerInfo_IncludeVerInfo>
        <DCC_UsePackage>dxSkinOffice2007BlackRS19;JvGlobus;JvMM;JvManagedThreads;dxSkinLiquidSkyRS19;cxBarEditItemRS19;OverbyteIcsDXE5Run;FireDACPgDriver;dxWizardControlRS19;dxPScxCommonRS19;tmswizdXE5;dxThemeRS19;JvCrypt;XiButtonXE4;cxGridRS19;dxPScxExtCommonRS19;DBXInterBaseDriver;DataSnapServer;DataSnapCommon;cxSchedulerRS19;JvNet;JvDotNetCtrls;DbxCommonDriver;OpenCV;vclimg;dbxcds;dxFlowChartRS19;DatasnapConnectorsFreePascal;JvXPCtrls;dxdbtrRS19;dxSkinSpringTimeRS19;vcldb;dxdborRS19;dxDockingRS19;dxSkinsdxDLPainterRS19;cxSpreadSheetRS19;dxtrmdRS19;dxSpellCheckerRS19;CustomIPTransport;dxTileControlRS19;dsnap;IndyIPServer;dxPSCoreRS19;dxSkinFoggyRS19;IndyCore;cxSchedulerGridRS19;cxPivotGridOLAPRS19;dxSkinStardustRS19;CloudService;FmxTeeUI;FireDACIBDriver;dxSkinXmas2008BlueRS19;JvDB;JvRuntimeDesign;dxSkinValentineRS19;fsIBX20;dsnapxml;dxPScxSchedulerLnkRS19;dxSkinDarkSideRS19;FireDACDb2Driver;dxSkinLondonLiquidSkyRS19;JclDeveloperTools;dxBarExtDBItemsRS19;dxTabbedMDIRS19;dxSkinOffice2013WhiteRS19;dxSkinSharpRS19;bindcompfmx;dxSkinBlueprintRS19;dxSkinOffice2007PinkRS19;frx20;vcldbx;cxExportRS19;FireDACODBCDriver;RESTBackendComponents;dxSkinCoffeeRS19;dbrtl;FireDACCommon;bindcomp;inetdb;dxSkinBlueRS19;JvPluginSystem;dxServerModeRS19;DBXOdbcDriver;JvCmp;vclFireDAC;dxSkinMoneyTwinsRS19;cxPivotGridChartRS19;xmlrtl;dxSkiniMaginaryRS19;ibxpress;JvTimeFramework;dxSkinOffice2007GreenRS19;FireDACCommonDriver;bindengine;vclactnband;soaprtl;FMXTee;dxRibbonRS19;bindcompvcl;dxADOServerModeRS19;Jcl;vclie;dxPSdxLCLnkRS19;dxSkinBlackRS19;dxSkinOffice2010BlackRS19;dxSkinSevenClassicRS19;FireDACMSSQLDriver;DBXInformixDriver;Intraweb;DataSnapServerMidas;dsnapcon;DBXFirebirdDriver;dxSkinsdxNavBarPainterRS19;inet;dxPSdxFCLnkRS19;dxSkinscxSchedulerPainterRS19;JvPascalInterpreter;FireDACMySQLDriver;soapmidas;vclx;dxPSPrVwRibbonRS19;dxPSDBTeeChartRS19;DBXSybaseASADriver;RESTComponents;dxSkinLilianRS19;dxSkinscxPCPainterRS19;dbexpress;IndyIPClient;JvBDE;tmsdXE5;cxSchedulerTreeBrowserRS19;dxPScxSSLnkRS19;dxPScxPivotGridLnkRS19;dxSkinSharpPlusRS19;FireDACSqliteDriver;autoupgrXE5;FireDACDSDriver;ZComponent;DBXSqliteDriver;dxPSdxDBTVLnkRS19;dxSkinOffice2007BlueRS19;cxDataRS19;cxLibraryRS19;fmx;JvDlgs;IndySystem;RVButtonXE6;TeeDB;tethering;dxPsPrVwAdvRS19;dxSkinHighContrastRS19;inetdbbde;vclib;DataSnapClient;DataSnapProviderClient;DBXSybaseASEDriver;dxmdsRS19;dxSkinOffice2010SilverRS19;dxSkinsdxBarPainterRS19;fsBDE20;MetropolisUILiveTile;dxPSdxOCLnkRS19;vcldsnap;fmxFireDAC;DBXDb2Driver;dxSkinDevExpressDarkStyleRS19;DBXOracleDriver;dxBarDBNavRS19;JvCore;vclribbon;dxSkinSilverRS19;dxSkinVS2010RS19;fmxase;vcl;dxPSdxDBOCLnkRS19;DBXMSSQLDriver;IndyIPCommon;CodeSiteExpressPkg;dxBarRS19;cxTreeListdxBarPopupMenuRS19;DataSnapFireDAC;FireDACDBXDriver;JvAppFrm;soapserver;dxFireDACServerModeRS19;inetdbxpress;fsTee20;frxTee20;cxEditorsRS19;dxSkinMcSkinRS19;FireDACInfxDriver;JvDocking;adortl;dxSkinOffice2007SilverRS19;frxDB20;JvWizards;FireDACASADriver;dxSkinSevenRS19;JvHMI;dxDBXServerModeRS19;dxLayoutControlRS19;dxPSTeeChartRS19;dxSkinWhiteprintRS19;cxPageControlRS19;fsADO20;JvBands;ZDbc;rtl;dcldxSkinsCoreRS19;DbxClientDriver;ZPlain;dxPScxGridLnkRS19;Tee;cxPageControldxBarPopupMenuRS19;cxVerticalGridRS19;JclContainers;CPortLibDXE;JvSystem;DataSnapNativeClient;svnui;dxSkinsdxRibbonPainterRS19;dxSkinSummer2008RS19;cxPivotGridRS19;dxComnRS19;IndyProtocols;DBXMySQLDriver;dxSkinTheAsphaltWorldRS19;JvControls;tmsxlsdXE5;dxPSLnksRS19;viTimeLineDPK;bindcompdbx;TeeUI;JvJans;JvPrintPreview;JvPageComps;dxSkinDarkRoomRS19;JvStdCtrls;JvCustom;dxSkinPumpkinRS19;dxBarExtItemsRS19;FireDACADSDriver;vcltouch;ZCore;dxNavBarRS19;VclSmp;FireDAC;VCLRESTComponents;dxGDIPlusRS19;DataSnapConnectors;dxCoreRS19;dxPScxVGridLnkRS19;fsDB20;dxPScxTLLnkRS19;dxSkinsCoreRS19;fmxobj;dxSkinGlassOceansRS19;JclVcl;ZParseSql;dxPScxPCProdRS19;fs20;svn;tmsexdXE5;dxSkinOffice2010BlueRS19;FireDACOracleDriver;fmxdae;dxorgcRS19;bdertl;cxTreeListRS19;FireDACMSAccDriver;DataSnapIndy10ServerTransport;dxSkinDevExpressStyleRS19;dxSkinCaramelRS19;$(DCC_UsePackage)</DCC_UsePackage>
        <VerInfo_Locale>1033</VerInfo_Locale>
    </PropertyGroup>
    <PropertyGroup Condition="'$(Base_Win64)'!=''">
        <VerInfo_IncludeVerInfo>true</VerInfo_IncludeVerInfo>
        <DCC_Namespace>Winapi;System.Win;Data.Win;Datasnap.Win;Web.Win;Soap.Win;Xml.Win;$(DCC_Namespace)</DCC_Namespace>
        <VerInfo_Locale>1033</VerInfo_Locale>
        <DCC_UsePackage>dxSkinOffice2007BlackRS19;dxSkinLiquidSkyRS19;cxBarEditItemRS19;OverbyteIcsDXE5Run;FireDACPgDriver;dxWizardControlRS19;dxPScxCommonRS19;dxThemeRS19;cxGridRS19;dxPScxExtCommonRS19;DBXInterBaseDriver;DataSnapServer;DataSnapCommon;cxSchedulerRS19;DbxCommonDriver;vclimg;dbxcds;dxFlowChartRS19;DatasnapConnectorsFreePascal;dxdbtrRS19;dxSkinSpringTimeRS19;vcldb;dxdborRS19;dxDockingRS19;dxSkinsdxDLPainterRS19;cxSpreadSheetRS19;dxtrmdRS19;dxSpellCheckerRS19;CustomIPTransport;dxTileControlRS19;dsnap;IndyIPServer;dxPSCoreRS19;dxSkinFoggyRS19;IndyCore;cxSchedulerGridRS19;cxPivotGridOLAPRS19;dxSkinStardustRS19;CloudService;FmxTeeUI;FireDACIBDriver;dxSkinXmas2008BlueRS19;dxSkinValentineRS19;dsnapxml;dxPScxSchedulerLnkRS19;dxSkinDarkSideRS19;FireDACDb2Driver;dxSkinLondonLiquidSkyRS19;dxBarExtDBItemsRS19;dxTabbedMDIRS19;dxSkinOffice2013WhiteRS19;dxSkinSharpRS19;bindcompfmx;dxSkinBlueprintRS19;dxSkinOffice2007PinkRS19;cxExportRS19;FireDACODBCDriver;RESTBackendComponents;dxSkinCoffeeRS19;dbrtl;FireDACCommon;bindcomp;inetdb;dxSkinBlueRS19;dxServerModeRS19;DBXOdbcDriver;vclFireDAC;dxSkinMoneyTwinsRS19;cxPivotGridChartRS19;xmlrtl;dxSkiniMaginaryRS19;ibxpress;dxSkinOffice2007GreenRS19;FireDACCommonDriver;bindengine;vclactnband;soaprtl;FMXTee;dxRibbonRS19;bindcompvcl;dxADOServerModeRS19;vclie;dxPSdxLCLnkRS19;dxSkinBlackRS19;dxSkinOffice2010BlackRS19;dxSkinSevenClassicRS19;FireDACMSSQLDriver;DBXInformixDriver;Intraweb;DataSnapServerMidas;dsnapcon;DBXFirebirdDriver;dxSkinsdxNavBarPainterRS19;inet;dxPSdxFCLnkRS19;dxSkinscxSchedulerPainterRS19;FireDACMySQLDriver;soapmidas;vclx;dxPSPrVwRibbonRS19;DBXSybaseASADriver;RESTComponents;dxSkinLilianRS19;dxSkinscxPCPainterRS19;dbexpress;IndyIPClient;tmsdXE5;cxSchedulerTreeBrowserRS19;dxPScxSSLnkRS19;dxPScxPivotGridLnkRS19;dxSkinSharpPlusRS19;FireDACSqliteDriver;FireDACDSDriver;ZComponent;DBXSqliteDriver;dxPSdxDBTVLnkRS19;dxSkinOffice2007BlueRS19;cxDataRS19;cxLibraryRS19;fmx;IndySystem;TeeDB;tethering;dxPsPrVwAdvRS19;dxSkinHighContrastRS19;vclib;DataSnapClient;DataSnapProviderClient;DBXSybaseASEDriver;dxmdsRS19;dxSkinOffice2010SilverRS19;dxSkinsdxBarPainterRS19;MetropolisUILiveTile;dxPSdxOCLnkRS19;vcldsnap;fmxFireDAC;DBXDb2Driver;dxSkinDevExpressDarkStyleRS19;DBXOracleDriver;dxBarDBNavRS19;vclribbon;dxSkinSilverRS19;dxSkinVS2010RS19;fmxase;vcl;dxPSdxDBOCLnkRS19;DBXMSSQLDriver;IndyIPCommon;dxBarRS19;cxTreeListdxBarPopupMenuRS19;DataSnapFireDAC;FireDACDBXDriver;soapserver;dxFireDACServerModeRS19;inetdbxpress;cxEditorsRS19;dxSkinMcSkinRS19;FireDACInfxDriver;adortl;dxSkinOffice2007SilverRS19;FireDACASADriver;dxSkinSevenRS19;dxDBXServerModeRS19;dxLayoutControlRS19;dxSkinWhiteprintRS19;cxPageControlRS19;ZDbc;rtl;dcldxSkinsCoreRS19;DbxClientDriver;ZPlain;dxPScxGridLnkRS19;Tee;cxPageControldxBarPopupMenuRS19;cxVerticalGridRS19;DataSnapNativeClient;dxSkinsdxRibbonPainterRS19;dxSkinSummer2008RS19;cxPivotGridRS19;dxComnRS19;IndyProtocols;DBXMySQLDriver;dxSkinTheAsphaltWorldRS19;tmsxlsdXE5;dxPSLnksRS19;bindcompdbx;TeeUI;dxSkinDarkRoomRS19;dxSkinPumpkinRS19;dxBarExtItemsRS19;FireDACADSDriver;vcltouch;ZCore;dxNavBarRS19;VclSmp;FireDAC;VCLRESTComponents;dxGDIPlusRS19;DataSnapConnectors;dxCoreRS19;dxPScxVGridLnkRS19;dxPScxTLLnkRS19;dxSkinsCoreRS19;fmxobj;dxSkinGlassOceansRS19;ZParseSql;dxPScxPCProdRS19;tmsexdXE5;dxSkinOffice2010BlueRS19;FireDACOracleDriver;fmxdae;dxorgcRS19;cxTreeListRS19;FireDACMSAccDriver;DataSnapIndy10ServerTransport;dxSkinDevExpressStyleRS19;dxSkinCaramelRS19;$(DCC_UsePackage)</DCC_UsePackage>
    </PropertyGroup>
    <PropertyGroup Condition="'$(Cfg_1)'!=''">
        <DCC_Define>DEBUG;$(DCC_Define)</DCC_Define>
        <DCC_DebugDCUs>true</DCC_DebugDCUs>
        <DCC_Optimize>false</DCC_Optimize>
        <DCC_GenerateStackFrames>true</DCC_GenerateStackFrames>
        <DCC_DebugInfoInExe>true</DCC_DebugInfoInExe>
        <DCC_RemoteDebug>true</DCC_RemoteDebug>
    </PropertyGroup>
    <PropertyGroup Condition="'$(Cfg_1_Win32)'!=''">
        <VerInfo_Keys>CompanyName=;FileDescription=;FileVersion=1.0.0.0;InternalName=;LegalCopyright=;LegalTrademarks=;OriginalFilename=;ProductName=;ProductVersion=1.0.0.0;Comments=;LastCompiledTime=05.08.2014 22:47:58</VerInfo_Keys>
        <DCC_ExeOutput>..\..\..\bin\$(Platform)</DCC_ExeOutput>
        <VerInfo_IncludeVerInfo>true</VerInfo_IncludeVerInfo>
        <VerInfo_Locale>1033</VerInfo_Locale>
        <DCC_RemoteDebug>false</DCC_RemoteDebug>
    </PropertyGroup>
    <PropertyGroup Condition="'$(Cfg_1_Win64)'!=''">
        <DCC_ExeOutput>..\..\..\bin\$(Platform)</DCC_ExeOutput>
        <VerInfo_IncludeVerInfo>true</VerInfo_IncludeVerInfo>
        <VerInfo_Locale>1033</VerInfo_Locale>
    </PropertyGroup>
    <PropertyGroup Condition="'$(Cfg_2)'!=''">
        <DCC_LocalDebugSymbols>false</DCC_LocalDebugSymbols>
        <DCC_Define>RELEASE;$(DCC_Define)</DCC_Define>
        <DCC_SymbolReferenceInfo>0</DCC_SymbolReferenceInfo>
        <DCC_DebugInformation>0</DCC_DebugInformation>
    </PropertyGroup>
    <PropertyGroup Condition="'$(Cfg_2_Win32)'!=''">
        <VerInfo_Keys>CompanyName=;FileDescription=;FileVersion=1.0.0.0;InternalName=;LegalCopyright=;LegalTrademarks=;OriginalFilename=;ProductName=;ProductVersion=1.0.0.0;Comments=;LastCompiledTime=10.06.2014 2:01:36</VerInfo_Keys>
        <DCC_ExeOutput>..\..\..\bin\$(Platform)</DCC_ExeOutput>
        <VerInfo_IncludeVerInfo>true</VerInfo_IncludeVerInfo>
        <VerInfo_Locale>1033</VerInfo_Locale>
    </PropertyGroup>
    <PropertyGroup Condition="'$(Cfg_2_Win64)'!=''">
        <DCC_ExeOutput>..\..\..\bin\$(Platform)</DCC_ExeOutput>
        <VerInfo_IncludeVerInfo>true</VerInfo_IncludeVerInfo>
        <VerInfo_Locale>1033</VerInfo_Locale>
    </PropertyGroup>
    <ItemGroup>
        <DelphiCompile Include="$(MainSource)">
            <MainSource>MainSource</MainSource>
        </DelphiCompile>
        <DCCReference Include="uMainForm.pas">
            <Form>MainForm</Form>
            <FormType>dfm</FormType>
        </DCCReference>
        <BuildConfiguration Include="Release">
            <Key>Cfg_2</Key>
            <CfgParent>Base</CfgParent>
        </BuildConfiguration>
        <BuildConfiguration Include="Base">
            <Key>Base</Key>
        </BuildConfiguration>
        <BuildConfiguration Include="Debug">
            <Key>Cfg_1</Key>
            <CfgParent>Base</CfgParent>
        </BuildConfiguration>
    </ItemGroup>
    <ProjectExtensions>
        <Borland.Personality>Delphi.Personality.12</Borland.Personality>
        <Borland.ProjectType/>
        <BorlandProject>
            <Delphi.Personality>
                <Source>
                    <Source Name="MainSource">cMatchTemplate.dpr</Source>
                </Source>
                <Excluded_Packages>
                    <Excluded_Packages Name="$(BDSBIN)\dcloffice2k200.bpl">Microsoft Office 2000 Sample Automation Server Wrapper Components</Excluded_Packages>
                    <Excluded_Packages Name="$(BDSBIN)\dclofficexp200.bpl">Microsoft Office XP Sample Automation Server Wrapper Components</Excluded_Packages>
                </Excluded_Packages>
            </Delphi.Personality>
            <Deployment/>
            <Platforms>
                <Platform value="Win32">True</Platform>
                <Platform value="Win64">True</Platform>
            </Platforms>
        </BorlandProject>
        <ProjectFileVersion>12</ProjectFileVersion>
    </ProjectExtensions>
    <Import Project="$(BDS)\Bin\CodeGear.Delphi.Targets" Condition="Exists('$(BDS)\Bin\CodeGear.Delphi.Targets')"/>
    <Import Project="$(APPDATA)\Embarcadero\$(BDSAPPDATABASEDIR)\$(PRODUCTVERSION)\UserTools.proj" Condition="Exists('$(APPDATA)\Embarcadero\$(BDSAPPDATABASEDIR)\$(PRODUCTVERSION)\UserTools.proj')"/>
</Project>
