<Project xmlns="http://schemas.microsoft.com/developer/msbuild/2003">
    <PropertyGroup>
        <ProjectGuid>{6412034E-6D64-48D5-A7AC-EA776515BC8F}</ProjectGuid>
        <ProjectVersion>15.4</ProjectVersion>
        <FrameworkType>VCL</FrameworkType>
        <MainSource>vclPCArecognition.dpr</MainSource>
        <Base>True</Base>
        <Config Condition="'$(Config)'==''">Release</Config>
        <Platform Condition="'$(Platform)'==''">Win32</Platform>
        <TargetedPlatforms>3</TargetedPlatforms>
        <AppType>Application</AppType>
    </PropertyGroup>
    <PropertyGroup Condition="'$(Config)'=='Base' or '$(Base)'!=''">
        <Base>true</Base>
    </PropertyGroup>
    <PropertyGroup Condition="('$(Platform)'=='Win32' and '$(Base)'=='true') or '$(Base_Win32)'!=''">
        <Base_Win32>true</Base_Win32>
        <CfgParent>Base</CfgParent>
        <Base>true</Base>
    </PropertyGroup>
    <PropertyGroup Condition="('$(Platform)'=='Win64' and '$(Base)'=='true') or '$(Base_Win64)'!=''">
        <Base_Win64>true</Base_Win64>
        <CfgParent>Base</CfgParent>
        <Base>true</Base>
    </PropertyGroup>
    <PropertyGroup Condition="'$(Config)'=='Debug' or '$(Cfg_1)'!=''">
        <Cfg_1>true</Cfg_1>
        <CfgParent>Base</CfgParent>
        <Base>true</Base>
    </PropertyGroup>
    <PropertyGroup Condition="('$(Platform)'=='Win32' and '$(Cfg_1)'=='true') or '$(Cfg_1_Win32)'!=''">
        <Cfg_1_Win32>true</Cfg_1_Win32>
        <CfgParent>Cfg_1</CfgParent>
        <Cfg_1>true</Cfg_1>
        <Base>true</Base>
    </PropertyGroup>
    <PropertyGroup Condition="('$(Platform)'=='Win64' and '$(Cfg_1)'=='true') or '$(Cfg_1_Win64)'!=''">
        <Cfg_1_Win64>true</Cfg_1_Win64>
        <CfgParent>Cfg_1</CfgParent>
        <Cfg_1>true</Cfg_1>
        <Base>true</Base>
    </PropertyGroup>
    <PropertyGroup Condition="'$(Config)'=='Release' or '$(Cfg_2)'!=''">
        <Cfg_2>true</Cfg_2>
        <CfgParent>Base</CfgParent>
        <Base>true</Base>
    </PropertyGroup>
    <PropertyGroup Condition="('$(Platform)'=='Win32' and '$(Cfg_2)'=='true') or '$(Cfg_2_Win32)'!=''">
        <Cfg_2_Win32>true</Cfg_2_Win32>
        <CfgParent>Cfg_2</CfgParent>
        <Cfg_2>true</Cfg_2>
        <Base>true</Base>
    </PropertyGroup>
    <PropertyGroup Condition="('$(Platform)'=='Win64' and '$(Cfg_2)'=='true') or '$(Cfg_2_Win64)'!=''">
        <Cfg_2_Win64>true</Cfg_2_Win64>
        <CfgParent>Cfg_2</CfgParent>
        <Cfg_2>true</Cfg_2>
        <Base>true</Base>
    </PropertyGroup>
    <PropertyGroup Condition="'$(Base)'!=''">
        <SanitizedProjectName>vclPCArecognition</SanitizedProjectName>
        <Icon_MainIcon>$(BDS)\bin\delphi_PROJECTICON.ico</Icon_MainIcon>
        <VerInfo_Locale>1049</VerInfo_Locale>
        <Manifest_File>None</Manifest_File>
        <VerInfo_Keys>CompanyName=;FileDescription=;FileVersion=1.0.0.0;InternalName=;LegalCopyright=;LegalTrademarks=;OriginalFilename=;ProductName=;ProductVersion=1.0.0.0;Comments=</VerInfo_Keys>
        <DCC_Namespace>System;Xml;Data;Datasnap;Web;Soap;Vcl;Vcl.Imaging;Vcl.Touch;Vcl.Samples;Vcl.Shell;$(DCC_Namespace)</DCC_Namespace>
        <DCC_DcuOutput>.\$(Platform)\$(Config)</DCC_DcuOutput>
        <DCC_ExeOutput>..\..\..\Bin\</DCC_ExeOutput>
        <DCC_E>false</DCC_E>
        <DCC_N>false</DCC_N>
        <DCC_S>false</DCC_S>
        <DCC_F>false</DCC_F>
        <DCC_K>false</DCC_K>
    </PropertyGroup>
    <PropertyGroup Condition="'$(Base_Win32)'!=''">
        <DCC_Namespace>Winapi;System.Win;Data.Win;Datasnap.Win;Web.Win;Soap.Win;Xml.Win;Bde;$(DCC_Namespace)</DCC_Namespace>
        <DCC_UsePackage>JvGlobus;dxBarRS18;dxPSCoreRS18;JvMM;JvManagedThreads;dxPScxPCProdRS18;cxTreeListRS18;dxDockingRS18;frxDB18;dxThemeRS18;dxPSdxOCLnkRS18;frxDBX18;JvCrypt;XiButtonXE4;DBXInterBaseDriver;DataSnapServer;DataSnapCommon;cxTreeListdxBarPopupMenuRS18;JvNet;officeXPrt;JvDotNetCtrls;fsIBX18;DbxCommonDriver;OpenCV;vclimg;dbxcds;DatasnapConnectorsFreePascal;JvXPCtrls;vcldb;cxExportRS18;frxADO18;CustomIPTransport;dsnap;IndyIPServer;IndyCore;cxVerticalGridRS18;CloudService;dxPSdxDBOCLnkRS18;FmxTeeUI;dxADOServerModeRS18;JvDB;JvRuntimeDesign;dxPScxExtCommonRS18;cxEditorsRS18;cxPageControldxBarPopupMenuRS18;cxSchedulerRS18;dxSpellCheckerRS18;dxPScxVGridLnkRS18;JclDeveloperTools;dxRibbonRS18;bindcompfmx;vcldbx;cxBarEditItemRS18;cxPageControlRS18;dbrtl;bindcomp;inetdb;JvPluginSystem;FFmpegFmx_DXE4;DBXOdbcDriver;JvCmp;fsADO18;JvTimeFramework;xmlrtl;ibxpress;dxBarExtItemsRS18;frxe18;vclactnband;bindengine;soaprtl;FMXTee;FFmpegRtl_DXE4;bindcompvcl;dxPsPrVwAdvRS18;cxSpreadSheetRS18;Jcl;vclie;cxPivotGridRS18;dxmdsRS18;dxBarDBNavRS18;dxTileControlRS18;dxComnRS18;dxBarExtDBItemsRS18;DBXInformixDriver;dxPScxSchedulerLnkRS18;Intraweb;fsTee18;dxNavBarRS18;dsnapcon;DBXFirebirdDriver;dxPSTeeChartRS18;inet;dxPScxCommonRS18;JvPascalInterpreter;vclx;DBXSybaseASADriver;dxorgcRS18;dbexpress;IndyIPClient;JvBDE;dxGDIPlusRS18;dxLayoutControlRS18;ZComponent;DBXSqliteDriver;tmswizdXE4;fmx;JvDlgs;IndySystem;TeeDB;frx18;inetdbbde;vclib;DataSnapClient;dxPScxTLLnkRS18;cxSchedulerGridRS18;dxtrmdRS18;DataSnapProviderClient;DBXSybaseASEDriver;FFmpegVcl_DXE4;dxTabbedMDIRS18;MetropolisUILiveTile;dxPSLnksRS18;vcldsnap;dxPScxPivotGridLnkRS18;DBXDb2Driver;dxPScxSSLnkRS18;DBXOracleDriver;dxServerModeRS18;JvCore;vclribbon;dxdborRS18;fmxase;vcl;IndyIPCommon;DBXMSSQLDriver;CodeSiteExpressPkg;cxPivotGridChartRS18;frxBDE18;JvAppFrm;inetdbxpress;webdsnap;dxPScxGridLnkRS18;cxLibraryRS18;JvDocking;adortl;JvWizards;dxPSdxDBTVLnkRS18;JvHMI;tmsdXE4;JvBands;ZDbc;fs18;rtl;DbxClientDriver;ZPlain;Tee;JclContainers;CPortLibDXE;JvSystem;svnui;JvControls;dxDBXServerModeRS18;IndyProtocols;DBXMySQLDriver;dxFlowChartRS18;bindcompdbx;TeeUI;JvJans;JvPrintPreview;JvPageComps;JvStdCtrls;JvCustom;ZCore;vcltouch;dxPSPrVwRibbonRS18;dxPSdxFCLnkRS18;tmsexdXE4;OverbyteIcsDXe4Run;VclSmp;cxGridRS18;CnPack_DXE4;DataSnapConnectors;dxPSDBTeeChartRS18;dxdbtrRS18;fsDB18;tmsxlsdXE4;frxIBX18;dxCoreRS18;fmxobj;JclVcl;ZParseSql;svn;dxPSdxLCLnkRS18;fsBDE18;cxPivotGridOLAPRS18;fmxdae;cxDataRS18;bdertl;frxTee18;DataSnapIndy10ServerTransport;$(DCC_UsePackage)</DCC_UsePackage>
        <VerInfo_IncludeVerInfo>true</VerInfo_IncludeVerInfo>
        <VerInfo_Keys>CompanyName=;FileDescription=;FileVersion=1.0.0.0;InternalName=;LegalCopyright=;LegalTrademarks=;OriginalFilename=;ProductName=;ProductVersion=1.0.0.0;Comments=</VerInfo_Keys>
        <VerInfo_Locale>1033</VerInfo_Locale>
        <Manifest_File>$(BDS)\bin\default_app.manifest</Manifest_File>
    </PropertyGroup>
    <PropertyGroup Condition="'$(Base_Win64)'!=''">
        <DCC_Namespace>Winapi;System.Win;Data.Win;Datasnap.Win;Web.Win;Soap.Win;Xml.Win;$(DCC_Namespace)</DCC_Namespace>
        <Manifest_File>$(BDS)\bin\default_app.manifest</Manifest_File>
        <VerInfo_Locale>1033</VerInfo_Locale>
        <VerInfo_IncludeVerInfo>true</VerInfo_IncludeVerInfo>
        <DCC_UsePackage>dxBarRS18;dxPSCoreRS18;cxTreeListRS18;dxDockingRS18;dxThemeRS18;dxPSdxOCLnkRS18;DBXInterBaseDriver;DataSnapServer;DataSnapCommon;cxTreeListdxBarPopupMenuRS18;officeXPrt;DbxCommonDriver;vclimg;dbxcds;DatasnapConnectorsFreePascal;vcldb;cxExportRS18;CustomIPTransport;dsnap;IndyIPServer;IndyCore;cxVerticalGridRS18;CloudService;dxPSdxDBOCLnkRS18;FmxTeeUI;dxADOServerModeRS18;dxPScxExtCommonRS18;cxEditorsRS18;cxPageControldxBarPopupMenuRS18;cxSchedulerRS18;dxSpellCheckerRS18;dxPScxVGridLnkRS18;dxRibbonRS18;bindcompfmx;cxBarEditItemRS18;cxPageControlRS18;dbrtl;bindcomp;inetdb;DBXOdbcDriver;xmlrtl;ibxpress;dxBarExtItemsRS18;vclactnband;bindengine;soaprtl;FMXTee;bindcompvcl;dxPsPrVwAdvRS18;cxSpreadSheetRS18;vclie;cxPivotGridRS18;dxmdsRS18;dxBarDBNavRS18;dxTileControlRS18;dxComnRS18;dxBarExtDBItemsRS18;DBXInformixDriver;dxPScxSchedulerLnkRS18;Intraweb;dxNavBarRS18;dsnapcon;DBXFirebirdDriver;dxPSTeeChartRS18;inet;dxPScxCommonRS18;vclx;DBXSybaseASADriver;dxorgcRS18;dbexpress;IndyIPClient;dxGDIPlusRS18;dxLayoutControlRS18;ZComponent;DBXSqliteDriver;fmx;IndySystem;TeeDB;vclib;DataSnapClient;dxPScxTLLnkRS18;cxSchedulerGridRS18;dxtrmdRS18;DataSnapProviderClient;DBXSybaseASEDriver;dxTabbedMDIRS18;MetropolisUILiveTile;dxPSLnksRS18;vcldsnap;dxPScxPivotGridLnkRS18;DBXDb2Driver;dxPScxSSLnkRS18;DBXOracleDriver;dxServerModeRS18;vclribbon;dxdborRS18;fmxase;vcl;IndyIPCommon;DBXMSSQLDriver;cxPivotGridChartRS18;inetdbxpress;webdsnap;dxPScxGridLnkRS18;cxLibraryRS18;adortl;dxPSdxDBTVLnkRS18;ZDbc;rtl;DbxClientDriver;ZPlain;Tee;dxDBXServerModeRS18;IndyProtocols;DBXMySQLDriver;dxFlowChartRS18;bindcompdbx;TeeUI;ZCore;vcltouch;dxPSPrVwRibbonRS18;dxPSdxFCLnkRS18;OverbyteIcsDXe4Run;VclSmp;cxGridRS18;DataSnapConnectors;dxPSDBTeeChartRS18;dxdbtrRS18;dxCoreRS18;fmxobj;ZParseSql;dxPSdxLCLnkRS18;cxPivotGridOLAPRS18;fmxdae;cxDataRS18;DataSnapIndy10ServerTransport;$(DCC_UsePackage)</DCC_UsePackage>
    </PropertyGroup>
    <PropertyGroup Condition="'$(Cfg_1)'!=''">
        <DCC_Define>DEBUG;$(DCC_Define)</DCC_Define>
        <DCC_DebugDCUs>true</DCC_DebugDCUs>
        <DCC_Optimize>false</DCC_Optimize>
        <DCC_GenerateStackFrames>true</DCC_GenerateStackFrames>
        <DCC_DebugInfoInExe>true</DCC_DebugInfoInExe>
        <DCC_RemoteDebug>true</DCC_RemoteDebug>
    </PropertyGroup>
    <PropertyGroup Condition="'$(Cfg_1_Win32)'!=''">
        <DCC_ExeOutput>..\..\..\bin\$(Platform)</DCC_ExeOutput>
        <Manifest_File>$(BDS)\bin\default_app.manifest</Manifest_File>
        <VerInfo_IncludeVerInfo>true</VerInfo_IncludeVerInfo>
        <VerInfo_Locale>1033</VerInfo_Locale>
        <DCC_RemoteDebug>false</DCC_RemoteDebug>
    </PropertyGroup>
    <PropertyGroup Condition="'$(Cfg_1_Win64)'!=''">
        <DCC_ExeOutput>..\..\..\bin\$(Platform)</DCC_ExeOutput>
        <Manifest_File>$(BDS)\bin\default_app.manifest</Manifest_File>
        <VerInfo_Locale>1033</VerInfo_Locale>
        <VerInfo_IncludeVerInfo>true</VerInfo_IncludeVerInfo>
    </PropertyGroup>
    <PropertyGroup Condition="'$(Cfg_2)'!=''">
        <DCC_LocalDebugSymbols>false</DCC_LocalDebugSymbols>
        <DCC_Define>RELEASE;$(DCC_Define)</DCC_Define>
        <DCC_SymbolReferenceInfo>0</DCC_SymbolReferenceInfo>
        <DCC_DebugInformation>0</DCC_DebugInformation>
    </PropertyGroup>
    <PropertyGroup Condition="'$(Cfg_2_Win32)'!=''">
        <DCC_ExeOutput>..\..\..\bin\$(Platform)</DCC_ExeOutput>
        <Manifest_File>$(BDS)\bin\default_app.manifest</Manifest_File>
        <VerInfo_Locale>1033</VerInfo_Locale>
        <VerInfo_IncludeVerInfo>true</VerInfo_IncludeVerInfo>
    </PropertyGroup>
    <PropertyGroup Condition="'$(Cfg_2_Win64)'!=''">
        <DCC_ExeOutput>..\..\..\bin\$(Platform)</DCC_ExeOutput>
        <Manifest_File>$(BDS)\bin\default_app.manifest</Manifest_File>
        <VerInfo_Locale>1033</VerInfo_Locale>
        <VerInfo_IncludeVerInfo>true</VerInfo_IncludeVerInfo>
    </PropertyGroup>
    <ItemGroup>
        <DelphiCompile Include="$(MainSource)">
            <MainSource>MainSource</MainSource>
        </DelphiCompile>
        <DCCReference Include="uMainForm.pas">
            <Form>MainForm</Form>
        </DCCReference>
        <BuildConfiguration Include="Release">
            <Key>Cfg_2</Key>
            <CfgParent>Base</CfgParent>
        </BuildConfiguration>
        <BuildConfiguration Include="Base">
            <Key>Base</Key>
        </BuildConfiguration>
        <BuildConfiguration Include="Debug">
            <Key>Cfg_1</Key>
            <CfgParent>Base</CfgParent>
        </BuildConfiguration>
    </ItemGroup>
    <ProjectExtensions>
        <Borland.Personality>Delphi.Personality.12</Borland.Personality>
        <Borland.ProjectType/>
        <BorlandProject>
            <Delphi.Personality>
                <Source>
                    <Source Name="MainSource">vclPCArecognition.dpr</Source>
                </Source>
                <VersionInfo>
                    <VersionInfo Name="IncludeVerInfo">False</VersionInfo>
                    <VersionInfo Name="AutoIncBuild">False</VersionInfo>
                    <VersionInfo Name="MajorVer">1</VersionInfo>
                    <VersionInfo Name="MinorVer">0</VersionInfo>
                    <VersionInfo Name="Release">0</VersionInfo>
                    <VersionInfo Name="Build">0</VersionInfo>
                    <VersionInfo Name="Debug">False</VersionInfo>
                    <VersionInfo Name="PreRelease">False</VersionInfo>
                    <VersionInfo Name="Special">False</VersionInfo>
                    <VersionInfo Name="Private">False</VersionInfo>
                    <VersionInfo Name="DLL">False</VersionInfo>
                    <VersionInfo Name="Locale">1049</VersionInfo>
                    <VersionInfo Name="CodePage">1251</VersionInfo>
                </VersionInfo>
                <VersionInfoKeys>
                    <VersionInfoKeys Name="CompanyName"/>
                    <VersionInfoKeys Name="FileDescription"/>
                    <VersionInfoKeys Name="FileVersion">1.0.0.0</VersionInfoKeys>
                    <VersionInfoKeys Name="InternalName"/>
                    <VersionInfoKeys Name="LegalCopyright"/>
                    <VersionInfoKeys Name="LegalTrademarks"/>
                    <VersionInfoKeys Name="OriginalFilename"/>
                    <VersionInfoKeys Name="ProductName"/>
                    <VersionInfoKeys Name="ProductVersion">1.0.0.0</VersionInfoKeys>
                    <VersionInfoKeys Name="Comments"/>
                    <VersionInfoKeys Name="CFBundleName"/>
                    <VersionInfoKeys Name="CFBundleDisplayName"/>
                    <VersionInfoKeys Name="UIDeviceFamily"/>
                    <VersionInfoKeys Name="CFBundleIdentifier"/>
                    <VersionInfoKeys Name="CFBundleVersion"/>
                    <VersionInfoKeys Name="CFBundlePackageType"/>
                    <VersionInfoKeys Name="CFBundleSignature"/>
                    <VersionInfoKeys Name="CFBundleAllowMixedLocalizations"/>
                    <VersionInfoKeys Name="UISupportedInterfaceOrientations"/>
                    <VersionInfoKeys Name="CFBundleExecutable"/>
                    <VersionInfoKeys Name="CFBundleResourceSpecification"/>
                    <VersionInfoKeys Name="LSRequiresIPhoneOS"/>
                    <VersionInfoKeys Name="CFBundleInfoDictionaryVersion"/>
                    <VersionInfoKeys Name="CFBundleDevelopmentRegion"/>
                </VersionInfoKeys>
                <Excluded_Packages>
                    <Excluded_Packages Name="$(BDSBIN)\dcloffice2k200.bpl">Microsoft Office 2000 Sample Automation Server Wrapper Components</Excluded_Packages>
                    <Excluded_Packages Name="$(BDSBIN)\dclofficexp200.bpl">Microsoft Office XP Sample Automation Server Wrapper Components</Excluded_Packages>
                </Excluded_Packages>
            </Delphi.Personality>
            <Deployment/>
            <Platforms>
                <Platform value="Win32">True</Platform>
                <Platform value="Win64">True</Platform>
            </Platforms>
        </BorlandProject>
        <ProjectFileVersion>12</ProjectFileVersion>
    </ProjectExtensions>
    <Import Project="$(BDS)\Bin\CodeGear.Delphi.Targets" Condition="Exists('$(BDS)\Bin\CodeGear.Delphi.Targets')"/>
    <Import Project="$(APPDATA)\Embarcadero\$(BDSAPPDATABASEDIR)\$(PRODUCTVERSION)\UserTools.proj" Condition="Exists('$(APPDATA)\Embarcadero\$(BDSAPPDATABASEDIR)\$(PRODUCTVERSION)\UserTools.proj')"/>
</Project>
