<Project xmlns="http://schemas.microsoft.com/developer/msbuild/2003">
    <PropertyGroup>
        <ProjectGuid>{0D98CAB7-4425-4E50-9817-42B27A38348B}</ProjectGuid>
        <MainSource>dclFMXOpenCV210.dpk</MainSource>
        <Base>True</Base>
        <Config Condition="'$(Config)'==''">Debug</Config>
        <TargetedPlatforms>1</TargetedPlatforms>
        <AppType>Package</AppType>
        <FrameworkType>None</FrameworkType>
        <ProjectVersion>16.0</ProjectVersion>
        <Platform Condition="'$(Platform)'==''">Win32</Platform>
    </PropertyGroup>
    <PropertyGroup Condition="'$(Config)'=='Base' or '$(Base)'!=''">
        <Base>true</Base>
    </PropertyGroup>
    <PropertyGroup Condition="('$(Platform)'=='Android' and '$(Base)'=='true') or '$(Base_Android)'!=''">
        <Base_Android>true</Base_Android>
        <CfgParent>Base</CfgParent>
        <Base>true</Base>
    </PropertyGroup>
    <PropertyGroup Condition="('$(Platform)'=='iOSDevice' and '$(Base)'=='true') or '$(Base_iOSDevice)'!=''">
        <Base_iOSDevice>true</Base_iOSDevice>
        <CfgParent>Base</CfgParent>
        <Base>true</Base>
    </PropertyGroup>
    <PropertyGroup Condition="('$(Platform)'=='iOSSimulator' and '$(Base)'=='true') or '$(Base_iOSSimulator)'!=''">
        <Base_iOSSimulator>true</Base_iOSSimulator>
        <CfgParent>Base</CfgParent>
        <Base>true</Base>
    </PropertyGroup>
    <PropertyGroup Condition="('$(Platform)'=='OSX32' and '$(Base)'=='true') or '$(Base_OSX32)'!=''">
        <Base_OSX32>true</Base_OSX32>
        <CfgParent>Base</CfgParent>
        <Base>true</Base>
    </PropertyGroup>
    <PropertyGroup Condition="('$(Platform)'=='Win32' and '$(Base)'=='true') or '$(Base_Win32)'!=''">
        <Base_Win32>true</Base_Win32>
        <CfgParent>Base</CfgParent>
        <Base>true</Base>
    </PropertyGroup>
    <PropertyGroup Condition="('$(Platform)'=='Win64' and '$(Base)'=='true') or '$(Base_Win64)'!=''">
        <Base_Win64>true</Base_Win64>
        <CfgParent>Base</CfgParent>
        <Base>true</Base>
    </PropertyGroup>
    <PropertyGroup Condition="'$(Config)'=='Release' or '$(Cfg_1)'!=''">
        <Cfg_1>true</Cfg_1>
        <CfgParent>Base</CfgParent>
        <Base>true</Base>
    </PropertyGroup>
    <PropertyGroup Condition="'$(Config)'=='Debug' or '$(Cfg_2)'!=''">
        <Cfg_2>true</Cfg_2>
        <CfgParent>Base</CfgParent>
        <Base>true</Base>
    </PropertyGroup>
    <PropertyGroup Condition="'$(Base)'!=''">
        <DCC_F>false</DCC_F>
        <DCC_N>false</DCC_N>
        <DCC_K>false</DCC_K>
        <DesignOnlyPackage>true</DesignOnlyPackage>
        <DCC_S>false</DCC_S>
        <DCC_Description>OpenCV Component</DCC_Description>
        <DCC_E>false</DCC_E>
        <GenDll>true</GenDll>
        <VerInfo_Locale>1049</VerInfo_Locale>
        <DCC_ImageBase>00400000</DCC_ImageBase>
        <DCC_Namespace>System;Xml;Data;Datasnap;Web;Soap;REST.Authenticator.OAuth.WebForm;$(DCC_Namespace)</DCC_Namespace>
        <VerInfo_Keys>CompanyName=;FileDescription=;FileVersion=1.0.0.0;InternalName=;LegalCopyright=;LegalTrademarks=;OriginalFilename=;ProductName=;ProductVersion=1.0.0.0;Comments=;CFBundleName=</VerInfo_Keys>
        <SanitizedProjectName>dclFMXOpenCV210</SanitizedProjectName>
        <DCC_OutputNeverBuildDcps>true</DCC_OutputNeverBuildDcps>
        <GenPackage>true</GenPackage>
    </PropertyGroup>
    <PropertyGroup Condition="'$(Base_Android)'!=''">
        <DCC_UsePackage>fmx;$(DCC_UsePackage)</DCC_UsePackage>
        <BT_BuildType>Debug</BT_BuildType>
        <VerInfo_Keys>package=com.embarcadero.$(MSBuildProjectName);label=$(MSBuildProjectName);versionCode=1;versionName=1.0.0;persistent=False;restoreAnyVersion=False;installLocation=preferExternal;largeHeap=False;theme=TitleBar;hardwareAccelerated=true</VerInfo_Keys>
    </PropertyGroup>
    <PropertyGroup Condition="'$(Base_iOSDevice)'!=''">
        <DCC_UsePackage>fmx;$(DCC_UsePackage)</DCC_UsePackage>
    </PropertyGroup>
    <PropertyGroup Condition="'$(Base_iOSSimulator)'!=''">
        <DCC_UsePackage>fmx;$(DCC_UsePackage)</DCC_UsePackage>
    </PropertyGroup>
    <PropertyGroup Condition="'$(Base_OSX32)'!=''">
        <DCC_UsePackage>fmx;$(DCC_UsePackage)</DCC_UsePackage>
    </PropertyGroup>
    <PropertyGroup Condition="'$(Base_Win32)'!=''">
        <DCC_UsePackage>fmx;OpenCV210;$(DCC_UsePackage)</DCC_UsePackage>
        <VerInfo_IncludeVerInfo>true</VerInfo_IncludeVerInfo>
        <VerInfo_Keys>CompanyName=;FileDescription=;FileVersion=1.0.0.0;InternalName=;LegalCopyright=;LegalTrademarks=;OriginalFilename=;ProductName=;ProductVersion=1.0.0.0;Comments=</VerInfo_Keys>
        <DCC_Namespace>Winapi;System.Win;Data.Win;Datasnap.Win;Web.Win;Soap.Win;Xml.Win;Bde;$(DCC_Namespace)</DCC_Namespace>
        <VerInfo_Locale>1033</VerInfo_Locale>
    </PropertyGroup>
    <PropertyGroup Condition="'$(Base_Win64)'!=''">
        <DCC_UsePackage>fmx;$(DCC_UsePackage)</DCC_UsePackage>
    </PropertyGroup>
    <PropertyGroup Condition="'$(Cfg_1)'!=''">
        <DCC_Define>RELEASE;$(DCC_Define)</DCC_Define>
        <DCC_DebugInformation>0</DCC_DebugInformation>
        <DCC_SymbolReferenceInfo>0</DCC_SymbolReferenceInfo>
        <DCC_LocalDebugSymbols>false</DCC_LocalDebugSymbols>
    </PropertyGroup>
    <PropertyGroup Condition="'$(Cfg_2)'!=''">
        <DCC_GenerateStackFrames>true</DCC_GenerateStackFrames>
        <DCC_Optimize>false</DCC_Optimize>
        <DCC_Define>DEBUG;$(DCC_Define)</DCC_Define>
    </PropertyGroup>
    <ItemGroup>
        <DelphiCompile Include="$(MainSource)">
            <MainSource>MainSource</MainSource>
        </DelphiCompile>
        <DCCReference Include="OpenCV210.dcp"/>
        <DCCReference Include="dclCommonOpenCV210.dcp"/>
        <DCCReference Include="designide.dcp"/>
        <DCCReference Include="fmx.dcp"/>
        <DCCReference Include="..\ocv.comp.RegisterFMX.pas"/>
        <DCCReference Include="..\ocv.comp.ViewFMX.pas"/>
        <BuildConfiguration Include="Debug">
            <Key>Cfg_2</Key>
            <CfgParent>Base</CfgParent>
        </BuildConfiguration>
        <BuildConfiguration Include="Base">
            <Key>Base</Key>
        </BuildConfiguration>
        <BuildConfiguration Include="Release">
            <Key>Cfg_1</Key>
            <CfgParent>Base</CfgParent>
        </BuildConfiguration>
    </ItemGroup>
    <ProjectExtensions>
        <Borland.Personality>Delphi.Personality.12</Borland.Personality>
        <Borland.ProjectType>Package</Borland.ProjectType>
        <BorlandProject>
            <Delphi.Personality>
                <Source>
                    <Source Name="MainSource">dclFMXOpenCV210.dpk</Source>
                </Source>
            </Delphi.Personality>
            <Platforms>
                <Platform value="Android">False</Platform>
                <Platform value="iOSDevice">False</Platform>
                <Platform value="iOSSimulator">False</Platform>
                <Platform value="OSX32">False</Platform>
                <Platform value="Win32">True</Platform>
                <Platform value="Win64">False</Platform>
            </Platforms>
        </BorlandProject>
        <ProjectFileVersion>12</ProjectFileVersion>
    </ProjectExtensions>
    <Import Project="$(BDS)\Bin\CodeGear.Delphi.Targets" Condition="Exists('$(BDS)\Bin\CodeGear.Delphi.Targets')"/>
    <Import Project="$(APPDATA)\Embarcadero\$(BDSAPPDATABASEDIR)\$(PRODUCTVERSION)\UserTools.proj" Condition="Exists('$(APPDATA)\Embarcadero\$(BDSAPPDATABASEDIR)\$(PRODUCTVERSION)\UserTools.proj')"/>
</Project>
