<Project xmlns="http://schemas.microsoft.com/developer/msbuild/2003">
    <PropertyGroup>
        <ProjectGuid>{E4C624B6-0BB7-4001-BB0D-CB99A2927E0D}</ProjectGuid>
        <ProjectVersion>18.2</ProjectVersion>
        <FrameworkType>None</FrameworkType>
        <MainSource>ClassTest.dpr</MainSource>
        <Base>True</Base>
        <Config Condition="'$(Config)'==''">Debug</Config>
        <Platform Condition="'$(Platform)'==''">Win32</Platform>
        <TargetedPlatforms>1</TargetedPlatforms>
        <AppType>Console</AppType>
    </PropertyGroup>
    <PropertyGroup Condition="'$(Config)'=='Base' or '$(Base)'!=''">
        <Base>true</Base>
    </PropertyGroup>
    <PropertyGroup Condition="('$(Platform)'=='Android' and '$(Base)'=='true') or '$(Base_Android)'!=''">
        <Base_Android>true</Base_Android>
        <CfgParent>Base</CfgParent>
        <Base>true</Base>
    </PropertyGroup>
    <PropertyGroup Condition="('$(Platform)'=='iOSDevice32' and '$(Base)'=='true') or '$(Base_iOSDevice32)'!=''">
        <Base_iOSDevice32>true</Base_iOSDevice32>
        <CfgParent>Base</CfgParent>
        <Base>true</Base>
    </PropertyGroup>
    <PropertyGroup Condition="('$(Platform)'=='iOSDevice64' and '$(Base)'=='true') or '$(Base_iOSDevice64)'!=''">
        <Base_iOSDevice64>true</Base_iOSDevice64>
        <CfgParent>Base</CfgParent>
        <Base>true</Base>
    </PropertyGroup>
    <PropertyGroup Condition="('$(Platform)'=='iOSSimulator' and '$(Base)'=='true') or '$(Base_iOSSimulator)'!=''">
        <Base_iOSSimulator>true</Base_iOSSimulator>
        <CfgParent>Base</CfgParent>
        <Base>true</Base>
    </PropertyGroup>
    <PropertyGroup Condition="('$(Platform)'=='OSX32' and '$(Base)'=='true') or '$(Base_OSX32)'!=''">
        <Base_OSX32>true</Base_OSX32>
        <CfgParent>Base</CfgParent>
        <Base>true</Base>
    </PropertyGroup>
    <PropertyGroup Condition="('$(Platform)'=='Win32' and '$(Base)'=='true') or '$(Base_Win32)'!=''">
        <Base_Win32>true</Base_Win32>
        <CfgParent>Base</CfgParent>
        <Base>true</Base>
    </PropertyGroup>
    <PropertyGroup Condition="('$(Platform)'=='Win64' and '$(Base)'=='true') or '$(Base_Win64)'!=''">
        <Base_Win64>true</Base_Win64>
        <CfgParent>Base</CfgParent>
        <Base>true</Base>
    </PropertyGroup>
    <PropertyGroup Condition="'$(Config)'=='Debug' or '$(Cfg_1)'!=''">
        <Cfg_1>true</Cfg_1>
        <CfgParent>Base</CfgParent>
        <Base>true</Base>
    </PropertyGroup>
    <PropertyGroup Condition="('$(Platform)'=='Win32' and '$(Cfg_1)'=='true') or '$(Cfg_1_Win32)'!=''">
        <Cfg_1_Win32>true</Cfg_1_Win32>
        <CfgParent>Cfg_1</CfgParent>
        <Cfg_1>true</Cfg_1>
        <Base>true</Base>
    </PropertyGroup>
    <PropertyGroup Condition="'$(Config)'=='Release' or '$(Cfg_2)'!=''">
        <Cfg_2>true</Cfg_2>
        <CfgParent>Base</CfgParent>
        <Base>true</Base>
    </PropertyGroup>
    <PropertyGroup Condition="'$(Base)'!=''">
        <DCC_Namespace>System;Xml;Data;Datasnap;Web;Soap;$(DCC_Namespace)</DCC_Namespace>
        <SanitizedProjectName>ClassTest</SanitizedProjectName>
        <DCC_DcuOutput>.\$(Platform)\$(Config)</DCC_DcuOutput>
        <DCC_ExeOutput>.\$(Platform)\$(Config)</DCC_ExeOutput>
        <DCC_E>false</DCC_E>
        <DCC_N>false</DCC_N>
        <DCC_S>false</DCC_S>
        <DCC_F>false</DCC_F>
        <DCC_K>false</DCC_K>
    </PropertyGroup>
    <PropertyGroup Condition="'$(Base_Android)'!=''">
        <Android_LauncherIcon96>$(BDS)\bin\Artwork\Android\FM_LauncherIcon_96x96.png</Android_LauncherIcon96>
        <Android_LauncherIcon48>$(BDS)\bin\Artwork\Android\FM_LauncherIcon_48x48.png</Android_LauncherIcon48>
        <EnabledSysJars>android-support-v4.dex.jar;apk-expansion.dex.jar;cloud-messaging.dex.jar;fmx.dex.jar;google-analytics-v2.dex.jar;google-play-billing.dex.jar;google-play-licensing.dex.jar;google-play-services.dex.jar</EnabledSysJars>
        <Android_SplashImage470>$(BDS)\bin\Artwork\Android\FM_SplashImage_470x320.png</Android_SplashImage470>
        <DCC_UsePackage>DBXSqliteDriver;tethering;FireDACDBXDriver;RESTBackendComponents;bindengine;CloudService;DataSnapClient;bindcompdbx;IndyIPServer;IndySystem;fmxFireDAC;FMXTee;soaprtl;DbxCommonDriver;xmlrtl;soapmidas;DataSnapNativeClient;rtl;DbxClientDriver;IndyIPClient;DataSnapProviderClient;RESTComponents;DBXInterBaseDriver;emsclientfiredac;DataSnapFireDAC;bindcompfmx;FmxTeeUI;FireDACIBDriver;fmx;dbexpress;IndyCore;dsnap;DataSnapCommon;emsclient;FireDACCommon;soapserver;FireDACCommonDriver;inet;IndyIPCommon;FireDAC;FireDACSqliteDriver;ibmonitor;ibxpress;ibxbindings;FireDACDSDriver;CustomIPTransport;bindcomp;dbxcds;dsnapxml;dbrtl;IndyProtocols;$(DCC_UsePackage)</DCC_UsePackage>
        <Android_LauncherIcon36>$(BDS)\bin\Artwork\Android\FM_LauncherIcon_36x36.png</Android_LauncherIcon36>
        <Android_SplashImage960>$(BDS)\bin\Artwork\Android\FM_SplashImage_960x720.png</Android_SplashImage960>
        <Android_LauncherIcon72>$(BDS)\bin\Artwork\Android\FM_LauncherIcon_72x72.png</Android_LauncherIcon72>
        <Android_SplashImage426>$(BDS)\bin\Artwork\Android\FM_SplashImage_426x320.png</Android_SplashImage426>
        <Android_LauncherIcon144>$(BDS)\bin\Artwork\Android\FM_LauncherIcon_144x144.png</Android_LauncherIcon144>
        <Android_SplashImage640>$(BDS)\bin\Artwork\Android\FM_SplashImage_640x480.png</Android_SplashImage640>
    </PropertyGroup>
    <PropertyGroup Condition="'$(Base_iOSDevice32)'!=''">
        <DCC_UsePackage>DBXSqliteDriver;fmxase;tethering;FireDACDBXDriver;RESTBackendComponents;bindengine;CloudService;DataSnapClient;bindcompdbx;IndyIPServer;IndySystem;fmxFireDAC;FMXTee;soaprtl;DbxCommonDriver;xmlrtl;soapmidas;DataSnapNativeClient;rtl;DbxClientDriver;IndyIPClient;DataSnapProviderClient;RESTComponents;DBXInterBaseDriver;emsclientfiredac;DataSnapFireDAC;bindcompfmx;FmxTeeUI;FireDACIBDriver;fmx;dbexpress;IndyCore;dsnap;DataSnapCommon;emsclient;FireDACCommon;soapserver;FireDACCommonDriver;inet;IndyIPCommon;FireDAC;FireDACSqliteDriver;ibmonitor;ibxpress;ibxbindings;FireDACDSDriver;CustomIPTransport;bindcomp;dbxcds;dsnapxml;dbrtl;IndyProtocols;$(DCC_UsePackage)</DCC_UsePackage>
    </PropertyGroup>
    <PropertyGroup Condition="'$(Base_iOSDevice64)'!=''">
        <DCC_UsePackage>DBXSqliteDriver;fmxase;tethering;FireDACDBXDriver;RESTBackendComponents;bindengine;CloudService;DataSnapClient;bindcompdbx;IndyIPServer;IndySystem;fmxFireDAC;FMXTee;soaprtl;DbxCommonDriver;xmlrtl;soapmidas;DataSnapNativeClient;rtl;DbxClientDriver;IndyIPClient;DataSnapProviderClient;RESTComponents;DBXInterBaseDriver;emsclientfiredac;DataSnapFireDAC;bindcompfmx;FmxTeeUI;FireDACIBDriver;fmx;dbexpress;IndyCore;dsnap;DataSnapCommon;emsclient;FireDACCommon;soapserver;FireDACCommonDriver;inet;IndyIPCommon;FireDAC;FireDACSqliteDriver;ibmonitor;ibxpress;ibxbindings;FireDACDSDriver;CustomIPTransport;bindcomp;dbxcds;dsnapxml;dbrtl;IndyProtocols;$(DCC_UsePackage)</DCC_UsePackage>
    </PropertyGroup>
    <PropertyGroup Condition="'$(Base_iOSSimulator)'!=''">
        <DCC_UsePackage>DBXSqliteDriver;fmxase;tethering;FireDACDBXDriver;RESTBackendComponents;bindengine;CloudService;DataSnapClient;bindcompdbx;IndyIPServer;IndySystem;fmxFireDAC;FMXTee;soaprtl;DbxCommonDriver;xmlrtl;soapmidas;DataSnapNativeClient;rtl;DbxClientDriver;IndyIPClient;DataSnapProviderClient;RESTComponents;DBXInterBaseDriver;emsclientfiredac;DataSnapFireDAC;bindcompfmx;FmxTeeUI;FireDACIBDriver;fmx;dbexpress;IndyCore;dsnap;DataSnapCommon;emsclient;FireDACCommon;soapserver;FireDACCommonDriver;inet;IndyIPCommon;FireDAC;FireDACSqliteDriver;ibmonitor;ibxpress;ibxbindings;FireDACDSDriver;CustomIPTransport;bindcomp;dbxcds;dsnapxml;dbrtl;IndyProtocols;$(DCC_UsePackage)</DCC_UsePackage>
    </PropertyGroup>
    <PropertyGroup Condition="'$(Base_OSX32)'!=''">
        <DCC_UsePackage>DBXSqliteDriver;fmxase;tethering;FireDACMSSQLDriver;FireDACDBXDriver;RESTBackendComponents;bindengine;CloudService;FireDACMySQLDriver;DataSnapClient;bindcompdbx;IndyIPServer;IndySystem;fmxFireDAC;FireDACTDataDriver;FMXTee;soaprtl;DbxCommonDriver;xmlrtl;soapmidas;DataSnapNativeClient;fmxobj;rtl;DbxClientDriver;DBXSybaseASADriver;IndyIPClient;FireDACODBCDriver;DataSnapIndy10ServerTransport;DataSnapProviderClient;FireDACMongoDBDriver;DataSnapServerMidas;RESTComponents;DBXInterBaseDriver;emsclientfiredac;DataSnapFireDAC;bindcompfmx;DBXOracleDriver;inetdb;FmxTeeUI;FireDACIBDriver;fmx;fmxdae;dbexpress;IndyCore;dsnap;DataSnapCommon;emsclient;FireDACCommon;soapserver;FireDACOracleDriver;DBXMySQLDriver;DBXFirebirdDriver;FireDACCommonDriver;inet;IndyIPCommon;FireDAC;FireDACSqliteDriver;FireDACPgDriver;ibmonitor;FireDACASADriver;ibxpress;DataSnapServer;ibxbindings;FireDACDSDriver;CustomIPTransport;bindcomp;DBXInformixDriver;dbxcds;dsnapxml;dbrtl;inetdbxpress;IndyProtocols;$(DCC_UsePackage)</DCC_UsePackage>
        <DCC_ConsoleTarget>true</DCC_ConsoleTarget>
    </PropertyGroup>
    <PropertyGroup Condition="'$(Base_Win32)'!=''">
        <DCC_ConsoleTarget>true</DCC_ConsoleTarget>
        <DCC_UsePackage>DBXSqliteDriver;fmxase;tmsdXE8;DBXDb2Driver;vclactnband;vclFireDAC;dxtrmdRS21;tethering;cxSchedulerTreeBrowserRS21;FireDACADSDriver;JvPluginSystem;dxSpellCheckerRS21;FireDACMSSQLDriver;vcltouch;JvBands;vcldb;Intraweb;svn;JvJans;dxGDIPlusRS21;dxPScxPivotGridLnkRS21;NxCollectionDsgn_dxe8;JvDotNetCtrls;dxTileControlRS21;dxPScxGridLnkRS21;cxPivotGridRS21;vclib;dxPSLnksRS21;dxPSdxDBTVLnkRS21;dxPsPrVwAdvRS21;dxPSPrVwRibbonRS21;dxBarDBNavRS21;FireDACDBXDriver;dclFFMSource300;vclx;cxTreeListRS21;dxPSdxSpreadSheetLnkRS21;dxADOServerModeRS21;RESTBackendComponents;dxPScxPCProdRS21;NxCommonDsgn_dxe8;viTimeLineDPK;VCLRESTComponents;dxPSdxOCLnkRS21;vclie;NxCommonRun_dxe8;bindengine;CloudService;JvHMI;FireDACMySQLDriver;dxBarRS21;DataSnapClient;bindcompdbx;NxDBGridRun_dxe8;DBXSybaseASEDriver;IndyIPServer;dxdborRS21;IndySystem;dxPSCoreRS21;dxSpreadSheetRS21;dsnapcon;dxPScxExtCommonRS21;cxSchedulerRibbonStyleEventEditorRS21;FireDACMSAccDriver;fmxFireDAC;FireDACInfxDriver;vclimg;Jcl;dxDockingRS21;dxPSdxDBOCLnkRS21;DBXOdbcDriver;FireDACTDataDriver;FMXTee;soaprtl;DbxCommonDriver;NxDBGridDsgn_dxe8;JvManagedThreads;xmlrtl;soapmidas;DataSnapNativeClient;fmxobj;JvTimeFramework;cxTreeListdxBarPopupMenuRS21;rtl;cxEditorsRS21;DbxClientDriver;DBXSybaseASADriver;JvSystem;JvStdCtrls;cxDataRS21;appanalytics;IndyIPClient;bindcompvcl;dxRibbonRS21;cxPivotGridChartRS21;TeeUI;JvDocking;JvPascalInterpreter;VclSmp;dxmdsRS21;FireDACODBCDriver;dxFlowChartRS21;JclVcl;DataSnapIndy10ServerTransport;dxPScxCommonRS21;tmsxlsdXE8;DataSnapProviderClient;FireDACMongoDBDriver;JvControls;JvPrintPreview;dxServerModeRS21;cxGridRS21;NxGridDsgn_dxe8;DataSnapServerMidas;RESTComponents;ZComponent;DBXInterBaseDriver;ZCore;emsclientfiredac;dxPScxSchedulerLnkRS21;DataSnapFireDAC;svnui;JvGlobus;DBXMSSQLDriver;JvMM;dxPSDBTeeChartRS21;DatasnapConnectorsFreePascal;dxTabbedMDIRS21;bindcompfmx;JvNet;DBXOracleDriver;inetdb;JvAppFrm;FmxTeeUI;FireDACIBDriver;fmx;fmxdae;JvWizards;cxPivotGridOLAPRS21;NxGridRun_dxe8;dbexpress;IndyCore;dxThemeRS21;NxSheetRun_dxe8;tmsexdXE8;ZParseSql;JvPageComps;dsnap;DataSnapCommon;emsclient;cxVerticalGridRS21;FireDACCommon;dxPSdxFCLnkRS21;JvDB;NxAddonsRun_dxe8;DataSnapConnectors;NxInspectorRun_dxe8;soapserver;dxCoreRS21;JclDeveloperTools;FireDACOracleDriver;DBXMySQLDriver;JvCmp;DBXFirebirdDriver;XiButtonXE4;FireDACCommonDriver;cxBarEditItemRS21;dxBarExtItemsRS21;dxMapControlRS21;inet;IndyIPCommon;JvCustom;cxLibraryRS21;vcl;JvXPCtrls;dxBarExtDBItemsRS21;FireDACDb2Driver;cxExportRS21;tmswizdXE8;dxdbtrRS21;dxorgcRS21;ZDbc;TeeDB;FireDAC;dxPScxTLLnkRS21;JvCore;OverbyteIcsD10SRun;JvCrypt;FireDACSqliteDriver;FireDACPgDriver;ibmonitor;FireDACASADriver;dxFireDACServerModeRS21;dxWizardControlRS21;dxPSTeeChartRS21;dxNavBarRS21;JvDlgs;JvRuntimeDesign;ibxpress;Tee;DataSnapServer;ibxbindings;vclwinx;FireDACDSDriver;NxCollectionRun_dxe8;dxLayoutControlRS21;CustomIPTransport;vcldsnap;dxPScxVGridLnkRS21;bindcomp;ZPlain;DBXInformixDriver;officeXPrt;autoupgrXE5;vclribbon;dbxcds;cxSchedulerGridRS21;adortl;dxComnRS21;dsnapxml;dbrtl;inetdbxpress;IndyProtocols;cxPageControlRS21;NxInspectorDsgn_dxe8;JclContainers;dxPSdxLCLnkRS21;cxSchedulerRS21;$(DCC_UsePackage)</DCC_UsePackage>
        <VerInfo_Keys>CompanyName=;FileVersion=1.0.0.0;InternalName=;LegalCopyright=;LegalTrademarks=;OriginalFilename=;ProductVersion=1.0.0.0;Comments=;ProgramID=com.embarcadero.$(MSBuildProjectName);FileDescription=$(MSBuildProjectName);ProductName=$(MSBuildProjectName)</VerInfo_Keys>
        <VerInfo_Locale>1033</VerInfo_Locale>
        <DCC_Namespace>Winapi;System.Win;Data.Win;Datasnap.Win;Web.Win;Soap.Win;Xml.Win;Bde;$(DCC_Namespace)</DCC_Namespace>
    </PropertyGroup>
    <PropertyGroup Condition="'$(Base_Win64)'!=''">
        <DCC_UsePackage>DBXSqliteDriver;fmxase;tmsdXE8;DBXDb2Driver;vclactnband;vclFireDAC;dxtrmdRS21;tethering;cxSchedulerTreeBrowserRS21;FireDACADSDriver;dxSpellCheckerRS21;FireDACMSSQLDriver;vcltouch;vcldb;Intraweb;dxGDIPlusRS21;dxPScxPivotGridLnkRS21;NxCollectionDsgn_dxe8;dxTileControlRS21;dxPScxGridLnkRS21;cxPivotGridRS21;vclib;dxPSLnksRS21;dxPSdxDBTVLnkRS21;dxPsPrVwAdvRS21;dxPSPrVwRibbonRS21;dxBarDBNavRS21;FireDACDBXDriver;vclx;cxTreeListRS21;dxPSdxSpreadSheetLnkRS21;dxADOServerModeRS21;RESTBackendComponents;dxPScxPCProdRS21;NxCommonDsgn_dxe8;VCLRESTComponents;dxPSdxOCLnkRS21;vclie;NxCommonRun_dxe8;bindengine;CloudService;FireDACMySQLDriver;dxBarRS21;DataSnapClient;bindcompdbx;NxDBGridRun_dxe8;DBXSybaseASEDriver;IndyIPServer;dxdborRS21;IndySystem;dxPSCoreRS21;dxSpreadSheetRS21;dsnapcon;dxPScxExtCommonRS21;cxSchedulerRibbonStyleEventEditorRS21;FireDACMSAccDriver;fmxFireDAC;FireDACInfxDriver;vclimg;dxDockingRS21;dxPSdxDBOCLnkRS21;DBXOdbcDriver;FireDACTDataDriver;FMXTee;soaprtl;DbxCommonDriver;NxDBGridDsgn_dxe8;xmlrtl;soapmidas;DataSnapNativeClient;fmxobj;cxTreeListdxBarPopupMenuRS21;rtl;cxEditorsRS21;DbxClientDriver;DBXSybaseASADriver;cxDataRS21;appanalytics;IndyIPClient;bindcompvcl;dxRibbonRS21;cxPivotGridChartRS21;TeeUI;VclSmp;dxmdsRS21;FireDACODBCDriver;dxFlowChartRS21;DataSnapIndy10ServerTransport;dxPScxCommonRS21;DataSnapProviderClient;FireDACMongoDBDriver;dxServerModeRS21;cxGridRS21;NxGridDsgn_dxe8;DataSnapServerMidas;RESTComponents;ZComponent;DBXInterBaseDriver;ZCore;emsclientfiredac;dxPScxSchedulerLnkRS21;DataSnapFireDAC;DBXMSSQLDriver;dxPSDBTeeChartRS21;DatasnapConnectorsFreePascal;dxTabbedMDIRS21;bindcompfmx;DBXOracleDriver;inetdb;FmxTeeUI;FireDACIBDriver;fmx;fmxdae;cxPivotGridOLAPRS21;NxGridRun_dxe8;dbexpress;IndyCore;dxThemeRS21;NxSheetRun_dxe8;tmsexdXE8;ZParseSql;dsnap;DataSnapCommon;emsclient;cxVerticalGridRS21;FireDACCommon;dxPSdxFCLnkRS21;NxAddonsRun_dxe8;DataSnapConnectors;NxInspectorRun_dxe8;soapserver;dxCoreRS21;FireDACOracleDriver;DBXMySQLDriver;DBXFirebirdDriver;FireDACCommonDriver;cxBarEditItemRS21;dxBarExtItemsRS21;dxMapControlRS21;inet;IndyIPCommon;cxLibraryRS21;vcl;dxBarExtDBItemsRS21;FireDACDb2Driver;cxExportRS21;dxdbtrRS21;dxorgcRS21;ZDbc;TeeDB;FireDAC;dxPScxTLLnkRS21;OverbyteIcsD10SRun;FireDACSqliteDriver;FireDACPgDriver;ibmonitor;FireDACASADriver;dxFireDACServerModeRS21;dxWizardControlRS21;dxPSTeeChartRS21;dxNavBarRS21;ibxpress;Tee;DataSnapServer;ibxbindings;vclwinx;FireDACDSDriver;NxCollectionRun_dxe8;dxLayoutControlRS21;CustomIPTransport;vcldsnap;dxPScxVGridLnkRS21;bindcomp;ZPlain;DBXInformixDriver;officeXPrt;vclribbon;dbxcds;cxSchedulerGridRS21;adortl;dxComnRS21;dsnapxml;dbrtl;inetdbxpress;IndyProtocols;cxPageControlRS21;NxInspectorDsgn_dxe8;dxPSdxLCLnkRS21;cxSchedulerRS21;$(DCC_UsePackage)</DCC_UsePackage>
        <DCC_ConsoleTarget>true</DCC_ConsoleTarget>
    </PropertyGroup>
    <PropertyGroup Condition="'$(Cfg_1)'!=''">
        <DCC_Define>DEBUG;$(DCC_Define)</DCC_Define>
        <DCC_DebugDCUs>true</DCC_DebugDCUs>
        <DCC_Optimize>false</DCC_Optimize>
        <DCC_GenerateStackFrames>true</DCC_GenerateStackFrames>
        <DCC_DebugInfoInExe>true</DCC_DebugInfoInExe>
        <DCC_RemoteDebug>true</DCC_RemoteDebug>
    </PropertyGroup>
    <PropertyGroup Condition="'$(Cfg_1_Win32)'!=''">
        <DCC_ExeOutput>..\..\..\bin\$(Platform)</DCC_ExeOutput>
        <Manifest_File>None</Manifest_File>
        <VerInfo_Locale>1033</VerInfo_Locale>
        <DCC_RemoteDebug>false</DCC_RemoteDebug>
    </PropertyGroup>
    <PropertyGroup Condition="'$(Cfg_2)'!=''">
        <DCC_LocalDebugSymbols>false</DCC_LocalDebugSymbols>
        <DCC_Define>RELEASE;$(DCC_Define)</DCC_Define>
        <DCC_SymbolReferenceInfo>0</DCC_SymbolReferenceInfo>
        <DCC_DebugInformation>0</DCC_DebugInformation>
    </PropertyGroup>
    <ItemGroup>
        <DelphiCompile Include="$(MainSource)">
            <MainSource>MainSource</MainSource>
        </DelphiCompile>
        <BuildConfiguration Include="Release">
            <Key>Cfg_2</Key>
            <CfgParent>Base</CfgParent>
        </BuildConfiguration>
        <BuildConfiguration Include="Base">
            <Key>Base</Key>
        </BuildConfiguration>
        <BuildConfiguration Include="Debug">
            <Key>Cfg_1</Key>
            <CfgParent>Base</CfgParent>
        </BuildConfiguration>
    </ItemGroup>
    <ProjectExtensions>
        <Borland.Personality>Delphi.Personality.12</Borland.Personality>
        <Borland.ProjectType>Application</Borland.ProjectType>
        <BorlandProject>
            <Delphi.Personality>
                <Source>
                    <Source Name="MainSource">ClassTest.dpr</Source>
                </Source>
                <Excluded_Packages>
                    <Excluded_Packages Name="$(BDSBIN)\dcloffice2k230.bpl">Microsoft Office 2000 Sample Automation Server Wrapper Components</Excluded_Packages>
                </Excluded_Packages>
            </Delphi.Personality>
            <Deployment Version="3">
                <DeployFile LocalName="$(BDS)\Redist\osx32\libcgunwind.1.0.dylib" Class="DependencyModule">
                    <Platform Name="OSX32">
                        <Overwrite>true</Overwrite>
                    </Platform>
                </DeployFile>
                <DeployFile LocalName="$(BDS)\Redist\iossimulator\libcgunwind.1.0.dylib" Class="DependencyModule">
                    <Platform Name="iOSSimulator">
                        <Overwrite>true</Overwrite>
                    </Platform>
                </DeployFile>
                <DeployFile LocalName="$(BDS)\Redist\iossimulator\libPCRE.dylib" Class="DependencyModule">
                    <Platform Name="iOSSimulator">
                        <Overwrite>true</Overwrite>
                    </Platform>
                </DeployFile>
                <DeployFile LocalName="..\..\..\bin\Win32\ClassTest.exe" Configuration="Debug" Class="ProjectOutput">
                    <Platform Name="Win32">
                        <RemoteName>ClassTest.exe</RemoteName>
                        <Overwrite>true</Overwrite>
                    </Platform>
                </DeployFile>
                <DeployFile LocalName="$(BDS)\Redist\osx32\libcgsqlite3.dylib" Class="DependencyModule">
                    <Platform Name="OSX32">
                        <Overwrite>true</Overwrite>
                    </Platform>
                </DeployFile>
                <DeployClass Name="AdditionalDebugSymbols">
                    <Platform Name="iOSSimulator">
                        <Operation>1</Operation>
                    </Platform>
                    <Platform Name="OSX32">
                        <RemoteDir>Contents\MacOS</RemoteDir>
                        <Operation>1</Operation>
                    </Platform>
                    <Platform Name="Win32">
                        <RemoteDir>Contents\MacOS</RemoteDir>
                        <Operation>0</Operation>
                    </Platform>
                </DeployClass>
                <DeployClass Name="AndroidClassesDexFile">
                    <Platform Name="Android">
                        <RemoteDir>classes</RemoteDir>
                        <Operation>1</Operation>
                    </Platform>
                </DeployClass>
                <DeployClass Name="AndroidGDBServer">
                    <Platform Name="Android">
                        <RemoteDir>library\lib\armeabi-v7a</RemoteDir>
                        <Operation>1</Operation>
                    </Platform>
                </DeployClass>
                <DeployClass Name="AndroidLibnativeArmeabiFile">
                    <Platform Name="Android">
                        <RemoteDir>library\lib\armeabi</RemoteDir>
                        <Operation>1</Operation>
                    </Platform>
                </DeployClass>
                <DeployClass Name="AndroidLibnativeMipsFile">
                    <Platform Name="Android">
                        <RemoteDir>library\lib\mips</RemoteDir>
                        <Operation>1</Operation>
                    </Platform>
                </DeployClass>
                <DeployClass Name="AndroidLibnativeX86File"/>
                <DeployClass Name="AndroidServiceOutput">
                    <Platform Name="Android">
                        <RemoteDir>library\lib\armeabi-v7a</RemoteDir>
                        <Operation>1</Operation>
                    </Platform>
                </DeployClass>
                <DeployClass Name="AndroidSplashImageDef">
                    <Platform Name="Android">
                        <RemoteDir>res\drawable</RemoteDir>
                        <Operation>1</Operation>
                    </Platform>
                </DeployClass>
                <DeployClass Name="AndroidSplashStyles">
                    <Platform Name="Android">
                        <RemoteDir>res\values</RemoteDir>
                        <Operation>1</Operation>
                    </Platform>
                </DeployClass>
                <DeployClass Name="Android_DefaultAppIcon">
                    <Platform Name="Android">
                        <RemoteDir>res\drawable</RemoteDir>
                        <Operation>1</Operation>
                    </Platform>
                </DeployClass>
                <DeployClass Name="Android_LauncherIcon144">
                    <Platform Name="Android">
                        <RemoteDir>res\drawable-xxhdpi</RemoteDir>
                        <Operation>1</Operation>
                    </Platform>
                </DeployClass>
                <DeployClass Name="Android_LauncherIcon36">
                    <Platform Name="Android">
                        <RemoteDir>res\drawable-ldpi</RemoteDir>
                        <Operation>1</Operation>
                    </Platform>
                </DeployClass>
                <DeployClass Name="Android_LauncherIcon48">
                    <Platform Name="Android">
                        <RemoteDir>res\drawable-mdpi</RemoteDir>
                        <Operation>1</Operation>
                    </Platform>
                </DeployClass>
                <DeployClass Name="Android_LauncherIcon72">
                    <Platform Name="Android">
                        <RemoteDir>res\drawable-hdpi</RemoteDir>
                        <Operation>1</Operation>
                    </Platform>
                </DeployClass>
                <DeployClass Name="Android_LauncherIcon96">
                    <Platform Name="Android">
                        <RemoteDir>res\drawable-xhdpi</RemoteDir>
                        <Operation>1</Operation>
                    </Platform>
                </DeployClass>
                <DeployClass Name="Android_SplashImage426">
                    <Platform Name="Android">
                        <RemoteDir>res\drawable-small</RemoteDir>
                        <Operation>1</Operation>
                    </Platform>
                </DeployClass>
                <DeployClass Name="Android_SplashImage470">
                    <Platform Name="Android">
                        <RemoteDir>res\drawable-normal</RemoteDir>
                        <Operation>1</Operation>
                    </Platform>
                </DeployClass>
                <DeployClass Name="Android_SplashImage640">
                    <Platform Name="Android">
                        <RemoteDir>res\drawable-large</RemoteDir>
                        <Operation>1</Operation>
                    </Platform>
                </DeployClass>
                <DeployClass Name="Android_SplashImage960">
                    <Platform Name="Android">
                        <RemoteDir>res\drawable-xlarge</RemoteDir>
                        <Operation>1</Operation>
                    </Platform>
                </DeployClass>
                <DeployClass Name="DebugSymbols">
                    <Platform Name="iOSSimulator">
                        <Operation>1</Operation>
                    </Platform>
                    <Platform Name="OSX32">
                        <RemoteDir>Contents\MacOS</RemoteDir>
                        <Operation>1</Operation>
                    </Platform>
                    <Platform Name="Win32">
                        <Operation>0</Operation>
                    </Platform>
                </DeployClass>
                <DeployClass Name="DependencyFramework">
                    <Platform Name="OSX32">
                        <RemoteDir>Contents\MacOS</RemoteDir>
                        <Operation>1</Operation>
                        <Extensions>.framework</Extensions>
                    </Platform>
                    <Platform Name="Win32">
                        <Operation>0</Operation>
                    </Platform>
                </DeployClass>
                <DeployClass Name="DependencyModule">
                    <Platform Name="iOSDevice32">
                        <Operation>1</Operation>
                        <Extensions>.dylib</Extensions>
                    </Platform>
                    <Platform Name="iOSDevice64">
                        <Operation>1</Operation>
                        <Extensions>.dylib</Extensions>
                    </Platform>
                    <Platform Name="iOSSimulator">
                        <Operation>1</Operation>
                        <Extensions>.dylib</Extensions>
                    </Platform>
                    <Platform Name="OSX32">
                        <RemoteDir>Contents\MacOS</RemoteDir>
                        <Operation>1</Operation>
                        <Extensions>.dylib</Extensions>
                    </Platform>
                    <Platform Name="Win32">
                        <Operation>0</Operation>
                        <Extensions>.dll;.bpl</Extensions>
                    </Platform>
                </DeployClass>
                <DeployClass Required="true" Name="DependencyPackage">
                    <Platform Name="iOSDevice32">
                        <Operation>1</Operation>
                        <Extensions>.dylib</Extensions>
                    </Platform>
                    <Platform Name="iOSDevice64">
                        <Operation>1</Operation>
                        <Extensions>.dylib</Extensions>
                    </Platform>
                    <Platform Name="iOSSimulator">
                        <Operation>1</Operation>
                        <Extensions>.dylib</Extensions>
                    </Platform>
                    <Platform Name="OSX32">
                        <RemoteDir>Contents\MacOS</RemoteDir>
                        <Operation>1</Operation>
                        <Extensions>.dylib</Extensions>
                    </Platform>
                    <Platform Name="Win32">
                        <Operation>0</Operation>
                        <Extensions>.bpl</Extensions>
                    </Platform>
                </DeployClass>
                <DeployClass Name="File">
                    <Platform Name="Android">
                        <Operation>0</Operation>
                    </Platform>
                    <Platform Name="iOSDevice32">
                        <Operation>0</Operation>
                    </Platform>
                    <Platform Name="iOSDevice64">
                        <Operation>0</Operation>
                    </Platform>
                    <Platform Name="iOSSimulator">
                        <Operation>0</Operation>
                    </Platform>
                    <Platform Name="OSX32">
                        <RemoteDir>Contents\Resources\StartUp\</RemoteDir>
                        <Operation>0</Operation>
                    </Platform>
                    <Platform Name="Win32">
                        <Operation>0</Operation>
                    </Platform>
                </DeployClass>
                <DeployClass Name="iPad_Launch1024">
                    <Platform Name="iOSDevice32">
                        <Operation>1</Operation>
                    </Platform>
                    <Platform Name="iOSDevice64">
                        <Operation>1</Operation>
                    </Platform>
                    <Platform Name="iOSSimulator">
                        <Operation>1</Operation>
                    </Platform>
                </DeployClass>
                <DeployClass Name="iPad_Launch1536">
                    <Platform Name="iOSDevice32">
                        <Operation>1</Operation>
                    </Platform>
                    <Platform Name="iOSDevice64">
                        <Operation>1</Operation>
                    </Platform>
                    <Platform Name="iOSSimulator">
                        <Operation>1</Operation>
                    </Platform>
                </DeployClass>
                <DeployClass Name="iPad_Launch2048">
                    <Platform Name="iOSDevice32">
                        <Operation>1</Operation>
                    </Platform>
                    <Platform Name="iOSDevice64">
                        <Operation>1</Operation>
                    </Platform>
                    <Platform Name="iOSSimulator">
                        <Operation>1</Operation>
                    </Platform>
                </DeployClass>
                <DeployClass Name="iPad_Launch768">
                    <Platform Name="iOSDevice32">
                        <Operation>1</Operation>
                    </Platform>
                    <Platform Name="iOSDevice64">
                        <Operation>1</Operation>
                    </Platform>
                    <Platform Name="iOSSimulator">
                        <Operation>1</Operation>
                    </Platform>
                </DeployClass>
                <DeployClass Name="iPhone_Launch320">
                    <Platform Name="iOSDevice32">
                        <Operation>1</Operation>
                    </Platform>
                    <Platform Name="iOSDevice64">
                        <Operation>1</Operation>
                    </Platform>
                    <Platform Name="iOSSimulator">
                        <Operation>1</Operation>
                    </Platform>
                </DeployClass>
                <DeployClass Name="iPhone_Launch640">
                    <Platform Name="iOSDevice32">
                        <Operation>1</Operation>
                    </Platform>
                    <Platform Name="iOSDevice64">
                        <Operation>1</Operation>
                    </Platform>
                    <Platform Name="iOSSimulator">
                        <Operation>1</Operation>
                    </Platform>
                </DeployClass>
                <DeployClass Name="iPhone_Launch640x1136">
                    <Platform Name="iOSDevice32">
                        <Operation>1</Operation>
                    </Platform>
                    <Platform Name="iOSDevice64">
                        <Operation>1</Operation>
                    </Platform>
                    <Platform Name="iOSSimulator">
                        <Operation>1</Operation>
                    </Platform>
                </DeployClass>
                <DeployClass Name="ProjectAndroidManifest">
                    <Platform Name="Android">
                        <Operation>1</Operation>
                    </Platform>
                </DeployClass>
                <DeployClass Name="ProjectiOSDeviceDebug">
                    <Platform Name="iOSDevice32">
                        <RemoteDir>..\$(PROJECTNAME).app.dSYM\Contents\Resources\DWARF</RemoteDir>
                        <Operation>1</Operation>
                    </Platform>
                    <Platform Name="iOSDevice64">
                        <RemoteDir>..\$(PROJECTNAME).app.dSYM\Contents\Resources\DWARF</RemoteDir>
                        <Operation>1</Operation>
                    </Platform>
                </DeployClass>
                <DeployClass Name="ProjectiOSDeviceResourceRules">
                    <Platform Name="iOSDevice32">
                        <Operation>1</Operation>
                    </Platform>
                    <Platform Name="iOSDevice64">
                        <Operation>1</Operation>
                    </Platform>
                </DeployClass>
                <DeployClass Name="ProjectiOSEntitlements">
                    <Platform Name="iOSDevice32">
                        <RemoteDir>..\</RemoteDir>
                        <Operation>1</Operation>
                    </Platform>
                    <Platform Name="iOSDevice64">
                        <RemoteDir>..\</RemoteDir>
                        <Operation>1</Operation>
                    </Platform>
                </DeployClass>
                <DeployClass Name="ProjectiOSInfoPList">
                    <Platform Name="iOSDevice32">
                        <Operation>1</Operation>
                    </Platform>
                    <Platform Name="iOSDevice64">
                        <Operation>1</Operation>
                    </Platform>
                    <Platform Name="iOSSimulator">
                        <Operation>1</Operation>
                    </Platform>
                </DeployClass>
                <DeployClass Name="ProjectiOSResource">
                    <Platform Name="iOSDevice32">
                        <Operation>1</Operation>
                    </Platform>
                    <Platform Name="iOSDevice64">
                        <Operation>1</Operation>
                    </Platform>
                    <Platform Name="iOSSimulator">
                        <Operation>1</Operation>
                    </Platform>
                </DeployClass>
                <DeployClass Name="ProjectOSXEntitlements">
                    <Platform Name="OSX32">
                        <RemoteDir>..\</RemoteDir>
                        <Operation>1</Operation>
                    </Platform>
                </DeployClass>
                <DeployClass Name="ProjectOSXInfoPList">
                    <Platform Name="OSX32">
                        <RemoteDir>Contents</RemoteDir>
                        <Operation>1</Operation>
                    </Platform>
                </DeployClass>
                <DeployClass Name="ProjectOSXResource">
                    <Platform Name="OSX32">
                        <RemoteDir>Contents\Resources</RemoteDir>
                        <Operation>1</Operation>
                    </Platform>
                </DeployClass>
                <DeployClass Required="true" Name="ProjectOutput">
                    <Platform Name="Android">
                        <RemoteDir>library\lib\armeabi-v7a</RemoteDir>
                        <Operation>1</Operation>
                    </Platform>
                    <Platform Name="iOSDevice32">
                        <Operation>1</Operation>
                    </Platform>
                    <Platform Name="iOSDevice64">
                        <Operation>1</Operation>
                    </Platform>
                    <Platform Name="iOSSimulator">
                        <Operation>1</Operation>
                    </Platform>
                    <Platform Name="Linux64">
                        <Operation>1</Operation>
                    </Platform>
                    <Platform Name="OSX32">
                        <RemoteDir>Contents\MacOS</RemoteDir>
                        <Operation>1</Operation>
                    </Platform>
                    <Platform Name="Win32">
                        <Operation>0</Operation>
                    </Platform>
                </DeployClass>
                <DeployClass Name="ProjectUWPManifest">
                    <Platform Name="Win32">
                        <Operation>1</Operation>
                    </Platform>
                    <Platform Name="Win64">
                        <Operation>1</Operation>
                    </Platform>
                </DeployClass>
                <DeployClass Name="UWP_DelphiLogo150">
                    <Platform Name="Win32">
                        <RemoteDir>Assets</RemoteDir>
                        <Operation>1</Operation>
                    </Platform>
                    <Platform Name="Win64">
                        <RemoteDir>Assets</RemoteDir>
                        <Operation>1</Operation>
                    </Platform>
                </DeployClass>
                <DeployClass Name="UWP_DelphiLogo44">
                    <Platform Name="Win32">
                        <RemoteDir>Assets</RemoteDir>
                        <Operation>1</Operation>
                    </Platform>
                    <Platform Name="Win64">
                        <RemoteDir>Assets</RemoteDir>
                        <Operation>1</Operation>
                    </Platform>
                </DeployClass>
                <ProjectRoot Platform="iOSDevice64" Name="$(PROJECTNAME).app"/>
                <ProjectRoot Platform="Win64" Name="$(PROJECTNAME)"/>
                <ProjectRoot Platform="iOSDevice32" Name="$(PROJECTNAME).app"/>
                <ProjectRoot Platform="Win32" Name="$(PROJECTNAME)"/>
                <ProjectRoot Platform="Linux64" Name="$(PROJECTNAME)"/>
                <ProjectRoot Platform="OSX32" Name="$(PROJECTNAME).app"/>
                <ProjectRoot Platform="Android" Name="$(PROJECTNAME)"/>
                <ProjectRoot Platform="iOSSimulator" Name="$(PROJECTNAME).app"/>
            </Deployment>
            <Platforms>
                <Platform value="Android">False</Platform>
                <Platform value="iOSDevice32">False</Platform>
                <Platform value="iOSDevice64">False</Platform>
                <Platform value="iOSSimulator">False</Platform>
                <Platform value="Linux64">False</Platform>
                <Platform value="OSX32">False</Platform>
                <Platform value="Win32">True</Platform>
                <Platform value="Win64">False</Platform>
            </Platforms>
        </BorlandProject>
        <ProjectFileVersion>12</ProjectFileVersion>
    </ProjectExtensions>
    <Import Project="$(BDS)\Bin\CodeGear.Delphi.Targets" Condition="Exists('$(BDS)\Bin\CodeGear.Delphi.Targets')"/>
    <Import Project="$(APPDATA)\Embarcadero\$(BDSAPPDATABASEDIR)\$(PRODUCTVERSION)\UserTools.proj" Condition="Exists('$(APPDATA)\Embarcadero\$(BDSAPPDATABASEDIR)\$(PRODUCTVERSION)\UserTools.proj')"/>
    <Import Project="$(MSBuildProjectName).deployproj" Condition="Exists('$(MSBuildProjectName).deployproj')"/>
</Project>
